code.cloudfoundry.org/lager v1.1.0 h1:v0RELJ2jqTeF2DW7PNjZaaGlrXbVxJBVz3uLxdP3fuY=
code.cloudfoundry.org/lager v1.1.0/go.mod h1:O2sS7gKP3HM2iemG+EnwvyNQK7pTSC6Foi4QiMp9sSk=
github.com/Masterminds/squirrel v0.0.0-20180815162352-8a7e65843414 h1:VHdYPA0V0YgL97gdjHevN6IVPRX+fOoNMqcYvUAzwNU=
github.com/Masterminds/squirrel v0.0.0-20180815162352-8a7e65843414/go.mod h1:xnKTFzjGUiZtiOagBsfnvomW+nJg2usB1ZpordQWqNM=
github.com/Microsoft/go-winio v0.4.11 h1:zoIOcVf0xPN1tnMVbTtEdI+P8OofVk3NObnwOQ6nK2Q=
github.com/Microsoft/go-winio v0.4.11/go.mod h1:VhR8bwka0BXejwEJY73c50VrPtXAaKcyvVC4A4RozmA=
github.com/TylerBrock/colorjson v0.0.0-20180527164720-95ec53f28296 h1:JYWTroLXcNzSCgu66NMgdjwoMHQRbv2SoOVNFb4kRkE=
github.com/TylerBrock/colorjson v0.0.0-20180527164720-95ec53f28296/go.mod h1:VSw57q4QFiWDbRnjdX8Cb3Ow0SFncRw+bA/ofY6Q83w=
github.com/aryann/difflib v0.0.0-20170710044230-e206f873d14a h1:pv34s756C4pEXnjgPfGYgdhg/ZdajGhyOvzx8k+23nw=
github.com/aryann/difflib v0.0.0-20170710044230-e206f873d14a/go.mod h1:DAHtR1m6lCRdSC2Tm3DSWRPvIPr6xNKyeHdqDQSQT+A=
github.com/beevik/etree v0.0.0-20161216042344-4cd0dd976db8/go.mod h1:r8Aw8JqVegEf0w2fDnATrX9VpkMcyFeM0FhwO62wh+A=
github.com/beorn7/perks v0.0.0-20160229213445-3ac7bf7a47d1/go.mod h1:Dwedo/Wpr24TaqPxmxbtue+5NUziq4I4S80YR8gNf3Q=
github.com/bmatcuk/doublestar v1.1.1 h1:YroD6BJCZBYx06yYFEWvUuKVWQn3vLLQAVmDmvTSaiQ=
github.com/bmatcuk/doublestar v1.1.1/go.mod h1:UD6OnuiIn0yFxxA2le/rnRU1G4RaI4UvFv1sNto9p6w=
github.com/bmizerany/pat v0.0.0-20170815010413-6226ea591a40 h1:y4B3+GPxKlrigF1ha5FFErxK+sr6sWxQovRMzwMhejo=
github.com/bmizerany/pat v0.0.0-20170815010413-6226ea591a40/go.mod h1:8rLXio+WjiTceGBHIoTvn60HIbs7Hm7bcHjyrSqYB9c=
github.com/cenkalti/backoff v2.0.0+incompatible h1:5IIPUHhlnUZbcHQsQou5k1Tn58nJkeJL9U+ig5CHJbY=
github.com/cenkalti/backoff v2.0.0+incompatible/go.mod h1:90ReRw6GdpyfrHakVjL/QHaoyV4aDUVVkXQJJJ3NXXM=
github.com/charlievieth/fs v0.0.0-20170613215519-7dc373669fa1 h1:vTlpHKxJqykyKdW9bkrDJNWeKNuSIAJ0TP/K4lRsz/Q=
github.com/charlievieth/fs v0.0.0-20170613215519-7dc373669fa1/go.mod h1:sAoA1zHCH4FJPE2gne5iBiiVG66U7Nyp6JqlOo+FEyg=
github.com/cloudfoundry/bosh-cli v5.1.2+incompatible h1:jndq5AtKKHY1XTygFQFDpdskrP809uW5rAeEVMOJ1BU=
github.com/cloudfoundry/bosh-cli v5.1.2+incompatible/go.mod h1:rzIB+e1sn7wQL/TJ54bl/FemPKRhXby5BIMS3tLuWFM=
github.com/cloudfoundry/bosh-utils v0.0.0-20180725223622-407dd7546455 h1:iLnjvzwYY8s8m6dAHpn8F0wmHEGk+sOP0NIi8SBmVZM=
github.com/cloudfoundry/bosh-utils v0.0.0-20180725223622-407dd7546455/go.mod h1:JCrKwetZGjxbfq1U139TZuXDBfdGLtjOEAfxMWKV/QM=
github.com/cockroachdb/cockroach-go v0.0.0-20160916181719-31611c0501c8/go.mod h1:XGLbWH/ujMcbPbhZq52Nv6UrCghb1yGn//133kEsvDk=
github.com/concourse/atc v0.0.0-20180830192122-f033ea706f42 h1:yjTMwHvrxFWy9vJtKebwIxKn/zClttUa0ROs7XTQPns=
github.com/concourse/atc v0.0.0-20180830192122-f033ea706f42/go.mod h1:sB+NvCgZM3gsgFKEec4dRfBAxz8AHrUgol2t4B42wVM=
github.com/concourse/atc v3.14.1+incompatible h1:9Pp2updGcwAFi3+mq9WVWKWoDXYXI89W3fH+rn6PlbM=
github.com/concourse/atc v3.14.1+incompatible/go.mod h1:sB+NvCgZM3gsgFKEec4dRfBAxz8AHrUgol2t4B42wVM=
github.com/concourse/dex v0.0.0-20180906143828-2bb7b6850d06 h1:HGL+LQk5fGU5Cd/mS0L5PHPgXOD3bE0iV/4WPM+Jfo4=
github.com/concourse/dex v0.0.0-20180906143828-2bb7b6850d06/go.mod h1:STWtPbe/d8ON/IO5kVxR3e9CkGxPFb1Oe9yMCBs5pAs=
github.com/concourse/flag v0.0.0-20180907155614-cb47f24fff1c h1:SwMKBc36jGTSS5/3AqVtbRjbGTvDfR3pJ5MkzfiYSas=
github.com/concourse/flag v0.0.0-20180907155614-cb47f24fff1c/go.mod h1:ngs845OZCESOe8vgeK5fsCNIiS0vUSqB8MGQMS9+4og=
github.com/concourse/fly v4.0.1-rc.9+incompatible h1:WLN2qBgg0fwuvQsRjUOLr8Sxw65XIfqiMX52tC45XZc=
github.com/concourse/fly v4.0.1-rc.9+incompatible/go.mod h1:z0mifmcQWCab07oAPL/9riJWKY7+sSCGbwU4UvNBTUg=
github.com/concourse/fly v4.1.1-rc.21+incompatible h1:9rVoIRU1D3RpVPYf2llyTS+g4Pbf6xr2mZKQHwp3n7U=
github.com/concourse/fly v4.1.1-rc.21+incompatible/go.mod h1:z0mifmcQWCab07oAPL/9riJWKY7+sSCGbwU4UvNBTUg=
github.com/concourse/go-archive v0.0.0-20180803203406-784931698f4f h1:Z7s60kZd9kuWiosivO9QPGH1vmfC/lzLDiuWIy0MT+o=
github.com/concourse/go-archive v0.0.0-20180803203406-784931698f4f/go.mod h1:Xfo080IPQBmVz3I5ehjCddW3phA2mwv0NFwlpjf5CO8=
github.com/concourse/go-concourse v0.0.0-20180807180115-3b8daf7f0612 h1:N1IldcHTvdUgBrtppQf3CnoDbarVZLx6cJbnS3zwZUM=
github.com/concourse/go-concourse v0.0.0-20180807180115-3b8daf7f0612/go.mod h1:IWOiXdc/gF5FCPa8uIV8ShGqBMcpYbV8T9MZLi609Bc=
github.com/concourse/go-concourse v0.0.0-20180830143121-79a832c54c62 h1:7fJC6lIN3tFWNXdi7c0QUz+zhY1feAmqJqDRabX3j+U=
github.com/concourse/go-concourse v0.0.0-20180830143121-79a832c54c62/go.mod h1:IWOiXdc/gF5FCPa8uIV8ShGqBMcpYbV8T9MZLi609Bc=
github.com/concourse/skymarshal v0.0.0-20180906183343-b72c6d513e21 h1:m2mMEReI+w1Oi4b5p4l5eqVn7drRA0999ueD0BYU1zE=
github.com/concourse/skymarshal v0.0.0-20180906183343-b72c6d513e21/go.mod h1:Ml6S3ztx+dzRQjdpPuIUHEmc69QfiDcnY1r8Ob28Jk4=
github.com/coreos/etcd v3.2.9+incompatible/go.mod h1:uF7uidLiAD3TWHmW31ZFd/JWoc32PjwdhPthX9715RE=
github.com/coreos/go-oidc v0.0.0-20170307191026-be73733bb8cc h1:9yuvA19Q5WFkLwJcMDoYm8m89ilzqZ5zEHqdvU+Zbds=
github.com/coreos/go-oidc v0.0.0-20170307191026-be73733bb8cc/go.mod h1:CgnwVTmzoESiwO9qyAFEMiHoZ1nMCKZlZ9V6mm3/LKc=
github.com/cppforlife/go-patch v0.0.0-20171006213518-250da0e0e68c h1:L6Qwcfk/qeD05lCaMxjhn8fCKNAVEWOBn1vqU7KJHtk=
github.com/cppforlife/go-patch v0.0.0-20171006213518-250da0e0e68c/go.mod h1:67a7aIi94FHDZdoeGSJRRFDp66l9MhaAG1yGxpUoFD8=
github.com/cppforlife/go-semi-semantic v0.0.0-20160921010311-576b6af77ae4 h1:J+ghqo7ZubTzelkjo9hntpTtP/9lUCWH9icEmAW+B+Q=
github.com/cppforlife/go-semi-semantic v0.0.0-20160921010311-576b6af77ae4/go.mod h1:socxpf5+mELPbosI149vWpNlHK6mbfWFxSWOoSndXR8=
github.com/davecgh/go-spew v1.1.1 h1:vj9j/u1bqnvCEfJOwUhtlOARqs3+rkHYY13jYWTU97c=
github.com/davecgh/go-spew v1.1.1/go.mod h1:J7Y8YcW2NihsgmVo/mv3lAwl/skON4iLHjSsI+c5H38=
github.com/dgrijalva/jwt-go v3.2.0+incompatible h1:7qlOGliEKZXTDg6OTjfoBKDXWrumCAMpl/TFQ4/5kLM=
github.com/dgrijalva/jwt-go v3.2.0+incompatible/go.mod h1:E3ru+11k8xSBh+hMPgOLZmtrrCbhqsmaPHjLKYnJCaQ=
github.com/docker/distribution v2.6.2+incompatible h1:4FI6af79dfCS/CYb+RRtkSHw3q1L/bnDjG1PcPZtQhM=
github.com/docker/distribution v2.6.2+incompatible/go.mod h1:J2gT2udsDAN96Uj4KfcMRqY0/ypR+oyYUYmja8H+y+w=
github.com/docker/docker v1.13.1 h1:5VBhsO6ckUxB0A8CE5LlUJdXzik9cbEbBTQ/ggeml7M=
github.com/docker/docker v1.13.1/go.mod h1:eEKB0N0r5NX/I1kEveEz05bcu8tLC/8azJZsviup8Sk=
github.com/docker/go-connections v0.4.0 h1:El9xVISelRB7BuFusrZozjnkIM5YnzCViNKohAFqRJQ=
github.com/docker/go-connections v0.4.0/go.mod h1:Gbd7IOopHjR8Iph03tsViu4nIes5XhDvyHbTtUxmeec=
github.com/docker/go-units v0.3.3 h1:Xk8S3Xj5sLGlG5g67hJmYMmUgXv5N4PhkjJHHqrwnTk=
github.com/docker/go-units v0.3.3/go.mod h1:fgPhTUdO+D/Jk86RDLlptpiXQzgHJF7gydDDbaIK4Dk=
github.com/fatih/color v1.7.0 h1:DkWD4oS2D8LGGgTQ6IvwJJXSL5Vp2ffcQg58nFV38Ys=
github.com/fatih/color v1.7.0/go.mod h1:Zm6kSWBoL9eyXnKyktHP6abPY2pDugNf5KwzbycvMj4=
github.com/felixge/httpsnoop v1.0.0/go.mod h1:3+D9sFq0ahK/JeJPhCBUV1xlf4/eIYrUQaxulT0VzX8=
github.com/fsnotify/fsnotify v1.4.7 h1:IXs+QLmnXW2CcXuY+8Mzv/fWEsPGWxqefPtCP5CnV9I=
github.com/fsnotify/fsnotify v1.4.7/go.mod h1:jwhsz4b93w/PPRr/qN1Yymfu8t87LnFCMoQvtojpjFo=
github.com/ghodss/yaml v0.0.0-20161020005002-bea76d6a4713/go.mod h1:4dBDuWmgqj2HViK6kFavaiC9ZROes6MMH2rRYeMEF04=
github.com/go-sql-driver/mysql v0.0.0-20160802113842-0b58b37b664c/go.mod h1:zAC/RDZ24gD3HViQzih4MyKcchzm+sOG5ZlKdlhCg5w=
github.com/go-sql-driver/mysql v1.4.0 h1:7LxgVwFb2hIQtMm87NdgAVfXjnt4OePseqT1tKx+opk=
github.com/go-sql-driver/mysql v1.4.0/go.mod h1:zAC/RDZ24gD3HViQzih4MyKcchzm+sOG5ZlKdlhCg5w=
github.com/golang/protobuf v0.0.0-20171113180720-1e59b77b52bf/go.mod h1:6lQm79b+lXiMfvg/cZm0SGofjICqVBUtrP5yJMmIC1U=
github.com/golang/protobuf v1.1.0 h1:0iH4Ffd/meGoXqF2lSAhZHt8X+cPgkfn/cb6Cce5Vpc=
github.com/golang/protobuf v1.1.0/go.mod h1:6lQm79b+lXiMfvg/cZm0SGofjICqVBUtrP5yJMmIC1U=
github.com/google/jsonapi v0.0.0-20170708005851-46d3ced04344 h1:G5TmuUtIYeR0scfa8ZQ06cfHeAAfVeFlIG8TVOCfuAA=
github.com/google/jsonapi v0.0.0-20170708005851-46d3ced04344/go.mod h1:XSx4m2SziAqk9DXY9nz659easTq4q6TyrpYd9tHSm0g=
github.com/gorilla/context v0.0.0-20160525203319-aed02d124ae4/go.mod h1:kBGZzfjB9CEq2AlWe17Uuf7NDRt0dE0s8S51q0aT7Yg=
github.com/gorilla/handlers v0.0.0-20161206055144-3a5767ca75ec/go.mod h1:Qkdc/uu4tH4g6mTK6auzZ766c4CA0Ng8+o/OAirnOIQ=
github.com/gorilla/mux v0.0.0-20160605233521-9fa818a44c2b/go.mod h1:1lud6UwP+6orDFRuTfBEV8e9/aOM/c4fVVCaMa2zaAs=
github.com/gorilla/websocket v1.4.0 h1:WDFjx/TMzVgy9VdMMQi2K2Emtwi2QcUQsztZ/zLaH/Q=
github.com/gorilla/websocket v1.4.0/go.mod h1:E7qHFY5m1UJ88s3WnNqhKjPHQ0heANvMoAMk2YaljkQ=
github.com/grpc-ecosystem/go-grpc-prometheus v0.0.0-20170826090648-0dafe0d496ea/go.mod h1:8NvIoxWQoOIhqOTXgfV/d3M/q6VIi02HzZEHgUlZvzk=
github.com/gtank/cryptopasta v0.0.0-20160720052843-e7e23673cac3/go.mod h1:YLEMZOtU+AZ7dhN9T/IpGhXVGly2bvkJQ+zxj3WeVQo=
github.com/hashicorp/errwrap v1.0.0 h1:hLrqtEDnRye3+sgx6z4qVLNuviH3MR5aQ0ykNJa/UYA=
github.com/hashicorp/errwrap v1.0.0/go.mod h1:YH+1FKiLXxHSkmPseP+kNlulaMuP3n2brvKWEqk/Jc4=
github.com/hashicorp/go-multierror v1.0.0 h1:iVjPR7a6H0tWELX5NxNe7bYopibicUzc7uPribsnS6o=
github.com/hashicorp/go-multierror v1.0.0/go.mod h1:dHtQlpGsu+cZNNAkkCN/P3hoUDHhCYQXV3UM06sGGrk=
github.com/hokaccha/go-prettyjson v0.0.0-20180528130907-d229c224a219 h1:I+cB78Lk6QQFElu5ipPFNRuQTETqXg+b0WjTJP1Xyc0=
github.com/hokaccha/go-prettyjson v0.0.0-20180528130907-d229c224a219/go.mod h1:pFlLw2CfqZiIBOx6BuCeRLCrfxBJipTY0nIOF/VbGcI=
github.com/hpcloud/tail v1.0.0 h1:nfCOvKYfkgYP8hkirhJocXT2+zOD8yUNjXaWfTlyFKI=
github.com/hpcloud/tail v1.0.0/go.mod h1:ab1qPbhIpdTxEkNHXyeSf5vhxWSCs/tWer42PpOxQnU=
github.com/inconshreveable/go-update v0.0.0-20160112193335-8152e7eb6ccf h1:WfD7VjIE6z8dIvMsI4/s+1qr5EL+zoIGev1BQj1eoJ8=
github.com/inconshreveable/go-update v0.0.0-20160112193335-8152e7eb6ccf/go.mod h1:hyb9oH7vZsitZCiBt0ZvifOrB+qc8PS5IiilCIb87rg=
github.com/inconshreveable/mousetrap v1.0.0/go.mod h1:PxqpIevigyE2G7u3NXJIT2ANytuPF1OarO4DADm73n8=
github.com/jessevdk/go-flags v1.4.0 h1:4IU2WS7AumrZ/40jfhf4QVDMsQwqA7VEHozFRrGARJA=
github.com/jessevdk/go-flags v1.4.0/go.mod h1:4FA24M0QyGHXBuZZK/XkWh8h0e1EYbRYJSGM75WSRxI=
github.com/jonboulle/clockwork v0.0.0-20160907122059-bcac9884e750/go.mod h1:Ii8DK3G1RaLaWxj9trq07+26W01tbo22gdxWY5EU2bo=
github.com/kr/pty v1.1.2 h1:Q7kfkJVHag8Gix8Z5+eTo09NFHV8MXL9K66sv9qDaVI=
github.com/kr/pty v1.1.2/go.mod h1:pFQYn66WHrOpPYNljwOMqo10TkYh1fy3cYio2l3bCsQ=
github.com/krishicks/yaml-patch v0.0.10 h1:H4FcHpnNwVmw8u0MjPRjWyIXtco6zM2F78t+57oNM3E=
github.com/krishicks/yaml-patch v0.0.10/go.mod h1:Sm5TchwZS6sm7RJoyg87tzxm2ZcKzdRE4Q7TjNhPrME=
github.com/kylelemons/godebug v0.0.0-20160406211939-eadb3ce320cb/go.mod h1:B69LEHPfb2qLo0BaaOLcbitczOKLWTsrBG9LczfCD4k=
github.com/lann/builder v0.0.0-20180802200727-47ae307949d0 h1:SOEGU9fKiNWd/HOJuq6+3iTQz8KNCLtVX6idSoTLdUw=
github.com/lann/builder v0.0.0-20180802200727-47ae307949d0/go.mod h1:dXGbAdH5GtBTC4WfIxhKZfyBF/HBFgRZSWwZ9g/He9o=
github.com/lann/ps v0.0.0-20150810152359-62de8c46ede0 h1:P6pPBnrTSX3DEVR4fDembhRWSsG5rVo6hYhAB/ADZrk=
github.com/lann/ps v0.0.0-20150810152359-62de8c46ede0/go.mod h1:vmVJ0l/dxyfGW6FmdpVm2joNMFikkuWg0EoCKLGUMNw=
github.com/lib/pq v0.0.0-20160831222520-50761b0867bd/go.mod h1:5WUZQaWbwv1U+lTReE5YruASi9Al49XbQIvNi/34Woo=
github.com/lib/pq v1.0.0 h1:X5PMW56eZitiTeO7tKzZxFCSpbFZJtkMMooicw2us9A=
github.com/lib/pq v1.0.0/go.mod h1:5WUZQaWbwv1U+lTReE5YruASi9Al49XbQIvNi/34Woo=
github.com/mattes/migrate v3.0.1+incompatible h1:PhAZP82Vqejw8JZLF4U5UkLGzEVaCnbtJpB6DONcDow=
github.com/mattes/migrate v3.0.1+incompatible/go.mod h1:LJcqgpj1jQoxv3m2VXd3drv0suK5CbN/RCX7MXwgnVI=
github.com/mattn/go-colorable v0.0.9 h1:UVL0vNpWh04HeJXV0KLcaT7r06gOH2l4OW6ddYRUIY4=
github.com/mattn/go-colorable v0.0.9/go.mod h1:9vuHe8Xs5qXnSaW/c/ABM9alt+Vo+STaOChaDxuIBZU=
github.com/mattn/go-isatty v0.0.3 h1:ns/ykhmWi7G9O+8a448SecJU3nSMBXJfqQkl0upE1jI=
github.com/mattn/go-isatty v0.0.3/go.mod h1:M+lRXTBqGeGNdLjl/ufCoiOlB5xdOkqRJdNxMWT7Zi4=
github.com/mattn/go-runewidth v0.0.3 h1:a+kO+98RDGEfo6asOGMmpodZq4FNtnGP54yps8BzLR4=
github.com/mattn/go-runewidth v0.0.3/go.mod h1:LwmH8dsx7+W8Uxz3IHJYH5QSwggIsqBzpuz5H//U1FU=
github.com/mattn/go-sqlite3 v0.0.0-20160907162043-3fb7a0e792ed/go.mod h1:FPy6KqzDD04eiIsT53CuJW3U88zkxoIYsOqkbpncsNc=
github.com/mattn/go-sqlite3 v1.9.0 h1:pDRiWfl+++eC2FEFRy6jXmQlvp4Yh3z1MJKg4UeYM/4=
github.com/mattn/go-sqlite3 v1.9.0/go.mod h1:FPy6KqzDD04eiIsT53CuJW3U88zkxoIYsOqkbpncsNc=
github.com/matttproud/golang_protobuf_extensions v0.0.0-20150406173934-fc2b8d3a73c4/go.mod h1:D8He9yQNgCq6Z5Ld7szi9bcBfOoFv/3dc6xSMkL2PC0=
github.com/mgutz/ansi v0.0.0-20170206155736-9520e82c474b h1:j7+1HpAFS1zy5+Q4qx1fWh90gTKwiN4QCGoY9TWyyO4=
github.com/mgutz/ansi v0.0.0-20170206155736-9520e82c474b/go.mod h1:01TrycV0kFyexm33Z7vhZRXopbI8J3TDReVlkTgMUxE=
github.com/mitchellh/mapstructure v0.0.0-20180715050151-f15292f7a699 h1:KXZJFdun9knAVAR8tg/aHJEr5DgtcbqyvzacK+CDCaI=
github.com/mitchellh/mapstructure v0.0.0-20180715050151-f15292f7a699/go.mod h1:FVVH3fgwuzCH5S8UJGiWEs2h04kUh9fWfEaFds41c1Y=
github.com/nu7hatch/gouuid v0.0.0-20131221200532-179d4d0c4d8d h1:VhgPp6v9qf9Agr/56bj7Y/xa04UccTW04VP0Qed4vnQ=
github.com/nu7hatch/gouuid v0.0.0-20131221200532-179d4d0c4d8d/go.mod h1:YUTz3bUH2ZwIWBy3CJBeOBEugqcmXREj14T+iG/4k4U=
github.com/onsi/ginkgo v1.6.0 h1:Ix8l273rp3QzYgXSR+c8d1fTG7UPgYkOSELPhiY/YGw=
github.com/onsi/ginkgo v1.6.0/go.mod h1:lLunBs/Ym6LB5Z9jYTR76FiuTmxDTDusOGeTQH+WWjE=
github.com/onsi/gomega v1.4.1 h1:PZSj/UFNaVp3KxrzHOcS7oyuWA7LoOY/77yCTEFu21U=
github.com/onsi/gomega v1.4.1/go.mod h1:C1qb7wdrVGGVU+Z6iS04AVkA3Q65CEZX59MT0QO5uiA=
github.com/peterhellberg/link v1.0.0 h1:mUWkiegowUXEcmlb+ybF75Q/8D2Y0BjZtR8cxoKhaQo=
github.com/peterhellberg/link v1.0.0/go.mod h1:gtSlOT4jmkY8P47hbTc8PTgiDDWpdPbFYl75keYyBB8=
github.com/pkg/errors v0.8.0 h1:WdK/asTD0HN+q6hsWO3/vpuAkAr+tw6aNJNDFFf0+qw=
github.com/pkg/errors v0.8.0/go.mod h1:bwawxfHBFNV+L2hUp1rHADufV3IMtnDRdf1r5NINEl0=
github.com/pkg/term v0.0.0-20180730021639-bffc007b7fd5 h1:tFwafIEMf0B7NlcxV/zJ6leBIa81D3hgGSgsE5hCkOQ=
github.com/pkg/term v0.0.0-20180730021639-bffc007b7fd5/go.mod h1:eCbImbZ95eXtAUIbLAuAVnBnwf83mjf6QIVH8SHYwqQ=
github.com/pmezard/go-difflib v1.0.0 h1:4DBwDE0NGyQoBHbLQYPwSUPoCMWR5BEzIk/f1lZbAQM=
github.com/pmezard/go-difflib v1.0.0/go.mod h1:iKH77koFhYxTK1pcRnkKkqfTogsbg7gZNVY4sRDYZ/4=
github.com/pquerna/cachecontrol v0.0.0-20160421231612-c97913dcbd76 h1:O60OlfVScwx/OixpMy8gIPeKNIN3bI9BrOuTIUexlbc=
github.com/pquerna/cachecontrol v0.0.0-20160421231612-c97913dcbd76/go.mod h1:prYjPmNq4d1NPVmpShWobRqXY3q7Vp+80DqgxxUrUIA=
github.com/prometheus/client_golang v0.9.0-pre1/go.mod h1:7SWBe2y4D6OKWSNQJUaRYU/AaXPKyh/dDVn+NZz0KFw=
github.com/prometheus/client_model v0.0.0-20150212101744-fa8ad6fec335/go.mod h1:MbSGuTsp3dbXC40dX6PRTWyKYBIrTGTE9sqQNg2J8bo=
github.com/prometheus/common v0.0.0-20170220103846-49fee292b27b/go.mod h1:daVV7qP5qjZbuso7PdcryaAu0sAZbrN9i7WWcTMWvro=
github.com/prometheus/procfs v0.0.0-20170216223256-a1dba9ce8bae/go.mod h1:c3At6R/oaqEKCNdg8wHV1ftS6bRYblBhIjjI8uT2IGk=
github.com/russellhaering/goxmldsig v0.0.0-20170324122954-eaac44c63fe0/go.mod h1:Oz4y6ImuOQZxynhbSXk7btjEfNBtGlj2dcaOvXl2FSM=
github.com/sclevine/spec v1.0.0 h1:ILQ08A/CHCz8GGqivOvI54Hy1U40wwcpkf7WtB1MQfY=
github.com/sclevine/spec v1.0.0/go.mod h1:W4J29eT/Kzv7/b9IWLB055Z+qvVC9vt0Arko24q7p+U=
github.com/sirupsen/logrus v0.0.0-20170713114250-a3f95b5c4235 h1:a2XWU6egUZQhD52o2GEKr79zE+OuZmwLybyOQpoqhHQ=
github.com/sirupsen/logrus v0.0.0-20170713114250-a3f95b5c4235/go.mod h1:pMByvHTf9Beacp5x1UXfOR9xyW/9antXMhjMPG0dEzc=
github.com/skratchdot/open-golang v0.0.0-20160302144031-75fb7ed4208c h1:fyKiXKO1/I/B6Y2U8T7WdQGWzwehOuGIrljPtt7YTTI=
github.com/skratchdot/open-golang v0.0.0-20160302144031-75fb7ed4208c/go.mod h1:sUM3LWHvSMaG192sy56D9F7CNvL7jUJVXoqM1QKLnog=
github.com/spf13/cobra v0.0.0-20160615143614-bc81c21bd0d8/go.mod h1:1l0Ry5zgKvJasoi3XT1TypsSe7PqH0Sj9dhYf7v3XqQ=
github.com/spf13/pflag v0.0.0-20160610190902-367864438f1b/go.mod h1:DYY7MBk1bdzusC3SYhjObp+wFpr4gzcvqqNjLnInEg4=
github.com/stevvooe/resumable v0.0.0-20170302213456-2aaf90b2ceea h1:KR90QmB10LunzqE3lvSRq0epy66wkQi2bDmkJdkkxi8=
github.com/stevvooe/resumable v0.0.0-20170302213456-2aaf90b2ceea/go.mod h1:1pdIZTAHUz+HDKDVZ++5xg/duPlhKAIzw9qy42CWYp4=
github.com/stretchr/testify v1.2.2 h1:bSDNvY7ZPG5RlJ8otE/7V6gMiyenm9RtJ7IUVIAoJ1w=
github.com/stretchr/testify v1.2.2/go.mod h1:a8OnRcib4nhh0OaRAV+Yts87kKdq0PP7pXfy6kDkUVs=
github.com/tedsuo/ifrit v0.0.0-20180802180643-bea94bb476cc h1:LUUe4cdABGrIJAhl1P1ZpWY76AwukVszFdwkVFVLwIk=
github.com/tedsuo/ifrit v0.0.0-20180802180643-bea94bb476cc/go.mod h1:eyZnKCc955uh98WQvzOm0dgAeLnf2O0Rz0LPoC5ze+0=
github.com/tedsuo/rata v1.0.0 h1:Sf9aZrYy6ElSTncjnGkyC2yuVvz5YJetBIUKJ4CmeKE=
github.com/tedsuo/rata v1.0.0/go.mod h1:X47ELzhOoLbfFIY0Cql9P6yo3Cdwf2CMX3FVZxRzJPc=
github.com/vito/go-interact v0.0.0-20171111012221-fa338ed9e9ec h1:Klu98tQ9Z1t23gvC7p7sCmvxkZxLhBHLNyrUPsWsYFg=
github.com/vito/go-interact v0.0.0-20171111012221-fa338ed9e9ec/go.mod h1:wPlfmglZmRWMYv/qJy3P+fK/UnoQB5ISk4txfNd9tDo=
github.com/vito/go-sse v0.0.0-20160212001227-fd69d275caac h1:W7dFvBGUW6cNTGkOzxnb/zIPTrJiM/biDuycvlo3/ek=
github.com/vito/go-sse v0.0.0-20160212001227-fd69d275caac/go.mod h1:ucnL4HfIfa4NNk+m4v4X5jyciInx9MftRZsMhkk+7xE=
golang.org/x/crypto v0.0.0-20160711182412-2c99acdd1e9b/go.mod h1:6SG95UA2DQfeDnfUPMdvaQW0Q7yPrPDi9nlGo2tz2b4=
golang.org/x/crypto v0.0.0-20180820150726-614d502a4dac h1:7d7lG9fHOLdL6jZPtnV4LpI41SbohIJ1Atq7U991dMg=
golang.org/x/crypto v0.0.0-20180820150726-614d502a4dac/go.mod h1:6SG95UA2DQfeDnfUPMdvaQW0Q7yPrPDi9nlGo2tz2b4=
golang.org/x/net v0.0.0-20170413175226-5602c733f70a/go.mod h1:mL1N/T3taQHkDXs73rZJwtUhF3w3ftmwwsq0BUmARs4=
golang.org/x/net v0.0.0-20180816102801-aaf60122140d h1:211XH5RPVP5tOBkz6xm3/b7KxtjqVf6PYG+evqJpE08=
golang.org/x/net v0.0.0-20180816102801-aaf60122140d/go.mod h1:mL1N/T3taQHkDXs73rZJwtUhF3w3ftmwwsq0BUmARs4=
golang.org/x/oauth2 v0.0.0-20160718223228-08c8d727d239/go.mod h1:N/0e6XlmueqKjAGxoOufVs8QHGRruUQn6yWY3a++T0U=
golang.org/x/oauth2 v0.0.0-20180821212333-d2e6202438be h1:vEDujvNQGv4jgYKudGeI/+DAX4Jffq6hpD55MmoEvKs=
golang.org/x/oauth2 v0.0.0-20180821212333-d2e6202438be/go.mod h1:N/0e6XlmueqKjAGxoOufVs8QHGRruUQn6yWY3a++T0U=
golang.org/x/sync v0.0.0-20180314180146-1d60e4601c6f h1:wMNYb4v58l5UBM7MYRLPG6ZhfOqbKu7X5eyFl8ZhKvA=
golang.org/x/sync v0.0.0-20180314180146-1d60e4601c6f/go.mod h1:RxMgew5VJxzue5/jJTE5uejpjVlOe/izrB70Jof72aM=
golang.org/x/sys v0.0.0-20151211033651-833a04a10549/go.mod h1:STP8DvDyc/dI5b8T5hshtkjS+E42TnysNCUPdjciGhY=
golang.org/x/sys v0.0.0-20180816055513-1c9583448a9c h1:uHnKXcvx6SNkuwC+nrzxkJ+TpPwZOtumbhWrrOYN5YA=
golang.org/x/sys v0.0.0-20180816055513-1c9583448a9c/go.mod h1:STP8DvDyc/dI5b8T5hshtkjS+E42TnysNCUPdjciGhY=
golang.org/x/text v0.0.0-20170401064109-f4b4367115ec/go.mod h1:NqM8EUOU14njkJ3fqMW+pc6Ldnwhi/IjpwHt7yyuwOQ=
golang.org/x/text v0.3.0 h1:g61tztE5qeGQ89tm6NTjjM9VPIm088od1l6aSorWRWg=
golang.org/x/text v0.3.0/go.mod h1:NqM8EUOU14njkJ3fqMW+pc6Ldnwhi/IjpwHt7yyuwOQ=
google.golang.org/appengine v0.0.0-20160621060416-267c27e74922/go.mod h1:EbEs0AVv82hx2wNQdGPgUI5lhzA/G0D9YwlJXL52JkM=
google.golang.org/appengine v1.1.0 h1:igQkv0AAhEIvTEpD5LIpAfav2eeVO9HBTjvKHVJPRSs=
google.golang.org/appengine v1.1.0/go.mod h1:EbEs0AVv82hx2wNQdGPgUI5lhzA/G0D9YwlJXL52JkM=
google.golang.org/genproto v0.0.0-20170404132009-411e09b969b1/go.mod h1:JiN7NxoALGmiZfu7CAH4rXhgtRTLTxftemlI0sWmxmc=
google.golang.org/grpc v0.0.0-20170413033559-0e8b58d22f34/go.mod h1:yo6s7OP7yaDglbqo1J04qKzAhqBH6lvTonzMVmEdcZw=
gopkg.in/asn1-ber.v1 v1.0.0-20150924051756-4e86f4367175 h1:nn6Zav2sOQHCFJHEspya8KqxhFwKci30UxHy3HXPTyQ=
gopkg.in/asn1-ber.v1 v1.0.0-20150924051756-4e86f4367175/go.mod h1:cuepJuh7vyXfUyUwEgHQXw849cJrilpS5NeIjOWESAw=
gopkg.in/check.v1 v0.0.0-20161208181325-20d25e280405 h1:yhCVgyC4o1eVCa2tZl7eS0r+SDo693bJlVdllGtEeKM=
gopkg.in/check.v1 v0.0.0-20161208181325-20d25e280405/go.mod h1:Co6ibVJAznAaIkqp8huTwlJQCZ016jof/cbN4VW5Yz0=
gopkg.in/cheggaaa/pb.v1 v1.0.25 h1:Ev7yu1/f6+d+b3pi5vPdRPc6nNtP1umSfcWiEfRqv6I=
gopkg.in/cheggaaa/pb.v1 v1.0.25/go.mod h1:V/YB90LKu/1FcN3WVnfiiE5oMCibMjukxqG/qStrOgw=
gopkg.in/fsnotify.v1 v1.4.7 h1:xOHLXZwVvI9hhs+cLKq5+I5onOuwQLhQwiu63xxlHs4=
gopkg.in/fsnotify.v1 v1.4.7/go.mod h1:Tz8NjZHkW78fSQdbUxIjBTcgA1z1m8ZHf0WmKUhAMys=
gopkg.in/ldap.v2 v2.3.0 h1:vwU7LAjFERkhFo+UiiJ70sMaE6KEgCrB6KTWjP4ZhO0=
gopkg.in/ldap.v2 v2.3.0/go.mod h1:oI0cpe/D7HRtBQl8aTg+ZmzFUAvu4lsv3eLXMLGFxWk=
gopkg.in/square/go-jose.v2 v2.0.0 h1:wAvgsVkaEvXffSQ835HNP29ZiYjPj1dh/t2Z6O/pJ3I=
gopkg.in/square/go-jose.v2 v2.0.0/go.mod h1:M9dMgbHiYLoDGQrXy7OpJDJWiKiU//h+vD76mk0e1AI=
gopkg.in/tomb.v1 v1.0.0-20141024135613-dd632973f1e7 h1:uRGJdciOHaEIrze2W8Q3AKkepLTh2hOroT7a+7czfdQ=
gopkg.in/tomb.v1 v1.0.0-20141024135613-dd632973f1e7/go.mod h1:dt/ZhP58zS4L8KSrWDmTeBkI65Dw0HsyUHuEVlX15mw=
gopkg.in/yaml.v2 v2.0.0-20160301204022-a83829b6f129/go.mod h1:JAlM8MvJe8wmxCU4Bli9HhUf9+ttbYbLASfIpnQbh74=
gopkg.in/yaml.v2 v2.2.1 h1:mUhvW9EsL+naU5Q3cakzfE91YhliOondGd6ZrsDBHQE=
gopkg.in/yaml.v2 v2.2.1/go.mod h1:hI93XBmqTisBFMUTm0b8Fm+jr3Dg1NNxqwp+5A1VGuI=
